
Microsoft Visual Studio Solution File, Format Version 12.00
# Visual Studio 15
VisualStudioVersion = 15.0.27703.2047
MinimumVisualStudioVersion = 10.0.40219.1
Project("{E24C65DC-7377-472B-9ABA-BC803B73C61A}") = "Ejercicio3Popular", "Ejercicio3Popular\", "{F36456BC-30DD-4C64-9F2E-758D47B3B902}"
	ProjectSection(WebsiteProperties) = preProject
		TargetFrameworkMoniker = ".NETFramework,Version%3Dv4.6.1"
		Debug.AspNetCompiler.VirtualPath = "/localhost_65173"
		Debug.AspNetCompiler.PhysicalPath = "Ejercicio3Popular\"
		Debug.AspNetCompiler.TargetPath = "PrecompiledWeb\localhost_65173\"
		Debug.AspNetCompiler.Updateable = "true"
		Debug.AspNetCompiler.ForceOverwrite = "true"
		Debug.AspNetCompiler.FixedNames = "false"
		Debug.AspNetCompiler.Debug = "True"
		Release.AspNetCompiler.VirtualPath = "/localhost_65173"
		Release.AspNetCompiler.PhysicalPath = "Ejercicio3Popular\"
		Release.AspNetCompiler.TargetPath = "PrecompiledWeb\localhost_65173\"
		Release.AspNetCompiler.Updateable = "true"
		Release.AspNetCompiler.ForceOverwrite = "true"
		Release.AspNetCompiler.FixedNames = "false"
		Release.AspNetCompiler.Debug = "False"
		VWDPort = "65173"
		SlnRelativePath = "Ejercicio3Popular\"
		DefaultWebSiteLanguage = "Visual C#"
	EndProjectSection
EndProject
Global
	GlobalSection(SolutionConfigurationPlatforms) = preSolution
		Debug|Any CPU = Debug|Any CPU
	EndGlobalSection
	GlobalSection(ProjectConfigurationPlatforms) = postSolution
		{F36456BC-30DD-4C64-9F2E-758D47B3B902}.Debug|Any CPU.ActiveCfg = Debug|Any CPU
		{F36456BC-30DD-4C64-9F2E-758D47B3B902}.Debug|Any CPU.Build.0 = Debug|Any CPU
	EndGlobalSection
	GlobalSection(SolutionProperties) = preSolution
		HideSolutionNode = FALSE
	EndGlobalSection
	GlobalSection(ExtensibilityGlobals) = postSolution
		SolutionGuid = {78A068CC-4DB5-4A0F-A89F-DC3DFCE8BDA5}
	EndGlobalSection
EndGlobal
