
Microsoft Visual Studio Solution File, Format Version 12.00
# Visual Studio 15
VisualStudioVersion = 15.0.27703.2047
MinimumVisualStudioVersion = 10.0.40219.1
Project("{E24C65DC-7377-472B-9ABA-BC803B73C61A}") = "Ejercicio5.1", "Ejercicio5.1\", "{E62D1B8F-0924-4E24-BCCF-749E8585E515}"
	ProjectSection(WebsiteProperties) = preProject
		TargetFrameworkMoniker = ".NETFramework,Version%3Dv4.6.1"
		Debug.AspNetCompiler.VirtualPath = "/localhost_52457"
		Debug.AspNetCompiler.PhysicalPath = "Ejercicio5.1\"
		Debug.AspNetCompiler.TargetPath = "PrecompiledWeb\localhost_52457\"
		Debug.AspNetCompiler.Updateable = "true"
		Debug.AspNetCompiler.ForceOverwrite = "true"
		Debug.AspNetCompiler.FixedNames = "false"
		Debug.AspNetCompiler.Debug = "True"
		Release.AspNetCompiler.VirtualPath = "/localhost_52457"
		Release.AspNetCompiler.PhysicalPath = "Ejercicio5.1\"
		Release.AspNetCompiler.TargetPath = "PrecompiledWeb\localhost_52457\"
		Release.AspNetCompiler.Updateable = "true"
		Release.AspNetCompiler.ForceOverwrite = "true"
		Release.AspNetCompiler.FixedNames = "false"
		Release.AspNetCompiler.Debug = "False"
		VWDPort = "52457"
		SlnRelativePath = "Ejercicio5.1\"
		DefaultWebSiteLanguage = "Visual C#"
	EndProjectSection
EndProject
Global
	GlobalSection(SolutionConfigurationPlatforms) = preSolution
		Debug|Any CPU = Debug|Any CPU
	EndGlobalSection
	GlobalSection(ProjectConfigurationPlatforms) = postSolution
		{E62D1B8F-0924-4E24-BCCF-749E8585E515}.Debug|Any CPU.ActiveCfg = Debug|Any CPU
		{E62D1B8F-0924-4E24-BCCF-749E8585E515}.Debug|Any CPU.Build.0 = Debug|Any CPU
	EndGlobalSection
	GlobalSection(SolutionProperties) = preSolution
		HideSolutionNode = FALSE
	EndGlobalSection
	GlobalSection(ExtensibilityGlobals) = postSolution
		SolutionGuid = {F3272BDE-5FED-4A91-AE62-01F48983E4F0}
	EndGlobalSection
EndGlobal
